name: Update queue lockfile

on:
  push:
    branches:
      - feat/contract-rent-adjustments
    paths:
      - package.json

permissions:
  contents: write

jobs:
  update-lock:
    runs-on: ubuntu-latest
    steps:
      - uses: actions/checkout@v4
        with:
          ref: feat/contract-rent-adjustments
      - uses: actions/setup-node@v4
        with:
          node-version: 22
          cache: npm
      - run: npm install --package-lock-only --ignore-scripts
      - name: Commit lockfile
        run: |
          if git diff --quiet -- package-lock.json; then
            exit 0
          fi
          git config user.name "github-actions[bot]"
          git config user.email "41898282+github-actions[bot]@users.noreply.github.com"
          git add package-lock.json
          git commit -m "chore: update lockfile for Vercel Queue"
          git push origin HEAD:feat/contract-rent-adjustments
